<?xml version="1.0" encoding="utf-8"?>
<Project ToolsVersion="4.0" xmlns="http://schemas.microsoft.com/developer/msbuild/2003">
  <ItemGroup>
    <Filter Include="Source Files">
      <UniqueIdentifier>{4FC737F1-C7A5-4376-A066-2A32D752A2FF}</UniqueIdentifier>
      <Extensions>cpp;c;cc;cxx;def;odl;idl;hpj;bat;asm;asmx</Extensions>
    </Filter>
    <Filter Include="Header Files">
      <UniqueIdentifier>{93995380-89BD-4b04-88EB-625FBE52EBFB}</UniqueIdentifier>
      <Extensions>h;hh;hpp;hxx;hm;inl;inc;ipp;xsd</Extensions>
    </Filter>
    <Filter Include="Resource Files">
      <UniqueIdentifier>{67DA6AB6-F800-4c08-8B7A-83BB121AAD01}</UniqueIdentifier>
      <Extensions>rc;ico;cur;bmp;dlg;rc2;rct;bin;rgs;gif;jpg;jpeg;jpe;resx;tiff;tif;png;wav;mfcribbon-ms</Extensions>
    </Filter>
  </ItemGroup>
  <ItemGroup>
    <ClCompile Include="src\main.cc">
      <Filter>Source Files</Filter>
    </ClCompile>
    <ClCompile Include="src\cheat\cheat.cc">
      <Filter>Source Files</Filter>
    </ClCompile>
    <ClCompile Include="src\security\fnv.cc">
      <Filter>Source Files</Filter>
    </ClCompile>
    <ClCompile Include="src\security\protect_guard.cc">
      <Filter>Source Files</Filter>
    </ClCompile>
    <ClCompile Include="src\security\vmt.cc">
      <Filter>Source Files</Filter>
    </ClCompile>
    <ClCompile Include="src\cheat\hooks\hook_manager.cc">
      <Filter>Source Files</Filter>
    </ClCompile>
    <ClCompile Include="src\sdk\misc\colour.cc">
      <Filter>Source Files</Filter>
    </ClCompile>
    <ClCompile Include="src\cheat\gui\menu.cc">
      <Filter>Source Files</Filter>
    </ClCompile>
    <ClCompile Include="src\utilities\config.cc">
      <Filter>Source Files</Filter>
    </ClCompile>
    <ClCompile Include="src\utilities\console.cc">
      <Filter>Source Files</Filter>
    </ClCompile>
    <ClCompile Include="src\utilities\interface_manager.cc">
      <Filter>Source Files</Filter>
    </ClCompile>
    <ClCompile Include="src\utilities\netvar_manager.cc">
      <Filter>Source Files</Filter>
    </ClCompile>
    <ClCompile Include="src\utilities\renderer.cc">
      <Filter>Source Files</Filter>
    </ClCompile>
    <ClCompile Include="src\utilities\utilities.cc">
      <Filter>Source Files</Filter>
    </ClCompile>
    <ClCompile Include="src\cheat\cfg.cpp">
      <Filter>Source Files</Filter>
    </ClCompile>
    <ClCompile Include="src\utilities\input.cc">
      <Filter>Source Files</Filter>
    </ClCompile>
    <ClCompile Include="src\cheat\features\visuals\esp.cc">
      <Filter>Source Files</Filter>
    </ClCompile>
    <ClCompile Include="src\cheat\features\misc\misc.cc">
      <Filter>Source Files</Filter>
    </ClCompile>
    <ClCompile Include="src\utilities\math.cc">
      <Filter>Source Files</Filter>
    </ClCompile>
    <ClCompile Include="src\cheat\features\anti-aim\anti-aim.cc">
      <Filter>Source Files</Filter>
    </ClCompile>
    <ClCompile Include="src\cheat\hooks\vgui_surface\lock_cursor.cc">
      <Filter>Source Files</Filter>
    </ClCompile>
    <ClCompile Include="src\cheat\hooks\vgui_panel\paint_traverse.cc">
      <Filter>Source Files</Filter>
    </ClCompile>
    <ClCompile Include="src\cheat\hooks\d3d_device\reset.cc">
      <Filter>Source Files</Filter>
    </ClCompile>
    <ClCompile Include="src\cheat\hooks\d3d_device\end_scene.cc">
      <Filter>Source Files</Filter>
    </ClCompile>
    <ClCompile Include="src\cheat\hooks\client_dll\frame_stage_notify.cc">
      <Filter>Source Files</Filter>
    </ClCompile>
    <ClCompile Include="src\cheat\hooks\client_mode\create_move.cc">
      <Filter>Source Files</Filter>
    </ClCompile>
    <ClCompile Include="src\cheat\hooks\render_view\scene_end.cc">
      <Filter>Source Files</Filter>
    </ClCompile>
    <ClCompile Include="src\cheat\hooks\client_mode\post_screen_space_fx.cc">
      <Filter>Source Files</Filter>
    </ClCompile>
    <ClCompile Include="src\cheat\hooks\client_dll\write_user_cmd_delta_to_buffer.cc">
      <Filter>Source Files</Filter>
    </ClCompile>
    <ClCompile Include="src\utilities\md5.cc">
      <Filter>Source Files</Filter>
    </ClCompile>
    <ClCompile Include="src\cheat\features\source-engine\engine_prediction.cc">
      <Filter>Source Files</Filter>
    </ClCompile>
    <ClCompile Include="src\cheat\hooks\client_mode\override_view.cc">
      <Filter>Source Files</Filter>
    </ClCompile>
    <ClCompile Include="src\cheat\features\anti-aim\fake-lag.cc">
      <Filter>Source Files</Filter>
    </ClCompile>
    <ClCompile Include="src\cheat\features\aimbot\backtracking.cc">
      <Filter>Source Files</Filter>
    </ClCompile>
    <ClCompile Include="src\cheat\features\aimbot\resolver\resolver.cc">
      <Filter>Source Files</Filter>
    </ClCompile>
    <ClCompile Include="src\cheat\features\aimbot\autowall\autowall.cc">
      <Filter>Source Files</Filter>
    </ClCompile>
    <ClCompile Include="src\cheat\features\aimbot\aimbot.cc">
      <Filter>Source Files</Filter>
    </ClCompile>
    <ClCompile Include="src\cheat\features\misc\dormancy.cc">
      <Filter>Source Files</Filter>
    </ClCompile>
  </ItemGroup>
  <ItemGroup>
    <ClInclude Include="src\sdk\interfaces\base_interface.hh">
      <Filter>Header Files</Filter>
    </ClInclude>
    <ClInclude Include="src\sdk\interfaces\client_dll.hh">
      <Filter>Header Files</Filter>
    </ClInclude>
    <ClInclude Include="src\cheat\cheat.hh">
      <Filter>Header Files</Filter>
    </ClInclude>
    <ClInclude Include="src\sdk\misc\recv.hh">
      <Filter>Header Files</Filter>
    </ClInclude>
    <ClInclude Include="src\sdk\misc\vector.hh">
      <Filter>Header Files</Filter>
    </ClInclude>
    <ClInclude Include="src\security\fnv.hh">
      <Filter>Header Files</Filter>
    </ClInclude>
    <ClInclude Include="src\sdk\misc\virtual_keys.hh">
      <Filter>Header Files</Filter>
    </ClInclude>
    <ClInclude Include="src\security\protect_guard.hh">
      <Filter>Header Files</Filter>
    </ClInclude>
    <ClInclude Include="src\security\vmt.hh">
      <Filter>Header Files</Filter>
    </ClInclude>
    <ClInclude Include="src\cheat\hooks\hook_manager.hh">
      <Filter>Header Files</Filter>
    </ClInclude>
    <ClInclude Include="src\sdk\misc\vgui.hh">
      <Filter>Header Files</Filter>
    </ClInclude>
    <ClInclude Include="src\sdk\interfaces\vgui_panel.hh">
      <Filter>Header Files</Filter>
    </ClInclude>
    <ClInclude Include="src\sdk\interfaces\vgui_surface.hh">
      <Filter>Header Files</Filter>
    </ClInclude>
    <ClInclude Include="src\sdk\misc\colour.hh">
      <Filter>Header Files</Filter>
    </ClInclude>
    <ClInclude Include="src\sdk\classes\entity.hh">
      <Filter>Header Files</Filter>
    </ClInclude>
    <ClInclude Include="src\sdk\interfaces\entity_list.hh">
      <Filter>Header Files</Filter>
    </ClInclude>
    <ClInclude Include="src\sdk\interfaces\engine_client.hh">
      <Filter>Header Files</Filter>
    </ClInclude>
    <ClInclude Include="src\sdk\interfaces\debug_overlay.hh">
      <Filter>Header Files</Filter>
    </ClInclude>
    <ClInclude Include="src\sdk\misc\definitions.hh">
      <Filter>Header Files</Filter>
    </ClInclude>
    <ClInclude Include="src\cheat\gui\checkbox\checkbox.h">
      <Filter>Header Files</Filter>
    </ClInclude>
    <ClInclude Include="src\cheat\gui\dropdown\dropdown.h">
      <Filter>Header Files</Filter>
    </ClInclude>
    <ClInclude Include="src\cheat\gui\form\form.h">
      <Filter>Header Files</Filter>
    </ClInclude>
    <ClInclude Include="src\cheat\gui\object\object.h">
      <Filter>Header Files</Filter>
    </ClInclude>
    <ClInclude Include="src\cheat\gui\slider\slider.h">
      <Filter>Header Files</Filter>
    </ClInclude>
    <ClInclude Include="src\cheat\gui\tab\tab.h">
      <Filter>Header Files</Filter>
    </ClInclude>
    <ClInclude Include="src\cheat\gui\tab-container\tab_container.h">
      <Filter>Header Files</Filter>
    </ClInclude>
    <ClInclude Include="src\cheat\gui\tab-control\tab_control.h">
      <Filter>Header Files</Filter>
    </ClInclude>
    <ClInclude Include="src\cheat\gui\menu.hh">
      <Filter>Header Files</Filter>
    </ClInclude>
    <ClInclude Include="src\utilities\thirdparty\json.hh">
      <Filter>Header Files</Filter>
    </ClInclude>
    <ClInclude Include="src\utilities\config.hh">
      <Filter>Header Files</Filter>
    </ClInclude>
    <ClInclude Include="src\utilities\console.hh">
      <Filter>Header Files</Filter>
    </ClInclude>
    <ClInclude Include="src\utilities\interface_manager.hh">
      <Filter>Header Files</Filter>
    </ClInclude>
    <ClInclude Include="src\utilities\netvar_manager.hh">
      <Filter>Header Files</Filter>
    </ClInclude>
    <ClInclude Include="src\utilities\renderer.hh">
      <Filter>Header Files</Filter>
    </ClInclude>
    <ClInclude Include="src\utilities\utilities.hh">
      <Filter>Header Files</Filter>
    </ClInclude>
    <ClInclude Include="src\cheat\cfg.hh">
      <Filter>Header Files</Filter>
    </ClInclude>
    <ClInclude Include="src\utilities\input.hh">
      <Filter>Header Files</Filter>
    </ClInclude>
    <ClInclude Include="src\cheat\features\visuals\esp.hh">
      <Filter>Header Files</Filter>
    </ClInclude>
    <ClInclude Include="src\cheat\gui\colour-picker\colour-picker.h">
      <Filter>Header Files</Filter>
    </ClInclude>
    <ClInclude Include="src\cheat\gui\button\button.hh">
      <Filter>Header Files</Filter>
    </ClInclude>
    <ClInclude Include="src\sdk\classes\user_cmd.hh">
      <Filter>Header Files</Filter>
    </ClInclude>
    <ClInclude Include="src\sdk\interfaces\client_mode.hh">
      <Filter>Header Files</Filter>
    </ClInclude>
    <ClInclude Include="src\sdk\interfaces\global_vars.hh">
      <Filter>Header Files</Filter>
    </ClInclude>
    <ClInclude Include="src\sdk\classes\weapon_info.hh">
      <Filter>Header Files</Filter>
    </ClInclude>
    <ClInclude Include="src\cheat\features\misc\misc.hh">
      <Filter>Header Files</Filter>
    </ClInclude>
    <ClInclude Include="src\sdk\interfaces\net_channel_info.hh">
      <Filter>Header Files</Filter>
    </ClInclude>
    <ClInclude Include="src\sdk\interfaces\render_view.hh">
      <Filter>Header Files</Filter>
    </ClInclude>
    <ClInclude Include="src\sdk\interfaces\material_system.hh">
      <Filter>Header Files</Filter>
    </ClInclude>
    <ClInclude Include="src\sdk\interfaces\material.hh">
      <Filter>Header Files</Filter>
    </ClInclude>
    <ClInclude Include="src\sdk\interfaces\model_render.hh">
      <Filter>Header Files</Filter>
    </ClInclude>
    <ClInclude Include="src\sdk\classes\view_setup.hh">
      <Filter>Header Files</Filter>
    </ClInclude>
    <ClInclude Include="src\sdk\interfaces\glow_object_manager.hh">
      <Filter>Header Files</Filter>
    </ClInclude>
    <ClInclude Include="src\utilities\math.hh">
      <Filter>Header Files</Filter>
    </ClInclude>
    <ClInclude Include="src\cheat\features\anti-aim\anti-aim.hh">
      <Filter>Header Files</Filter>
    </ClInclude>
    <ClInclude Include="src\sdk\interfaces\networking.hh">
      <Filter>Header Files</Filter>
    </ClInclude>
    <ClInclude Include="src\sdk\interfaces\input.hh">
      <Filter>Header Files</Filter>
    </ClInclude>
    <ClInclude Include="src\sdk\misc\crc32.cc">
      <Filter>Header Files</Filter>
    </ClInclude>
    <ClInclude Include="src\sdk\misc\crc32.hh">
      <Filter>Header Files</Filter>
    </ClInclude>
    <ClInclude Include="src\utilities\md5.hh">
      <Filter>Header Files</Filter>
    </ClInclude>
    <ClInclude Include="src\sdk\interfaces\game_prediction.hh">
      <Filter>Header Files</Filter>
    </ClInclude>
    <ClInclude Include="src\cheat\features\source-engine\engine_prediction.hh">
      <Filter>Header Files</Filter>
    </ClInclude>
    <ClInclude Include="src\cheat\features\anti-aim\fake-lag.hh">
      <Filter>Header Files</Filter>
    </ClInclude>
    <ClInclude Include="src\cheat\features\aimbot\backtracking.hh">
      <Filter>Header Files</Filter>
    </ClInclude>
    <ClInclude Include="src\sdk\misc\matrix.hh">
      <Filter>Header Files</Filter>
    </ClInclude>
    <ClInclude Include="src\sdk\classes\trace.hh">
      <Filter>Header Files</Filter>
    </ClInclude>
    <ClInclude Include="src\sdk\interfaces\convar.hh">
      <Filter>Header Files</Filter>
    </ClInclude>
    <ClInclude Include="src\cheat\features\aimbot\resolver\resolver.hh">
      <Filter>Header Files</Filter>
    </ClInclude>
    <ClInclude Include="src\sdk\interfaces\game_events.hh">
      <Filter>Header Files</Filter>
    </ClInclude>
    <ClInclude Include="src\cheat\features\aimbot\autowall\autowall.hh">
      <Filter>Header Files</Filter>
    </ClInclude>
    <ClInclude Include="src\sdk\interfaces\physics_props.hh">
      <Filter>Header Files</Filter>
    </ClInclude>
    <ClInclude Include="src\cheat\features\aimbot\aimbot.hh">
      <Filter>Header Files</Filter>
    </ClInclude>
    <ClInclude Include="src\cheat\features\misc\dormancy.hh">
      <Filter>Header Files</Filter>
    </ClInclude>
    <ClInclude Include="src\sdk\interfaces\engine_sound.hh">
      <Filter>Header Files</Filter>
    </ClInclude>
  </ItemGroup>
</Project>